
Microsoft Visual Studio Solution File, Format Version 12.00
# Visual Studio Version 16
VisualStudioVersion = 16.0.29318.209
MinimumVisualStudioVersion = 10.0.40219.1
Project("{FAE04EC0-301F-11D3-BF4B-00C04F79EFBC}") = "OOP_Program1", "OOP_Program1\OOP_Program1.csproj", "{75C746CB-9F41-49A0-8538-6723D8BFCFD9}"
EndProject
Global
	GlobalSection(SolutionConfigurationPlatforms) = preSolution
		Debug|Any CPU = Debug|Any CPU
		Release|Any CPU = Release|Any CPU
	EndGlobalSection
	GlobalSection(ProjectConfigurationPlatforms) = postSolution
		{75C746CB-9F41-49A0-8538-6723D8BFCFD9}.Debug|Any CPU.ActiveCfg = Debug|Any CPU
		{75C746CB-9F41-49A0-8538-6723D8BFCFD9}.Debug|Any CPU.Build.0 = Debug|Any CPU
		{75C746CB-9F41-49A0-8538-6723D8BFCFD9}.Release|Any CPU.ActiveCfg = Release|Any CPU
		{75C746CB-9F41-49A0-8538-6723D8BFCFD9}.Release|Any CPU.Build.0 = Release|Any CPU
	EndGlobalSection
	GlobalSection(SolutionProperties) = preSolution
		HideSolutionNode = FALSE
	EndGlobalSection
	GlobalSection(ExtensibilityGlobals) = postSolution
		SolutionGuid = {D8BC285E-10A3-475A-824C-F98DA14F671A}
	EndGlobalSection
EndGlobal
